Microsoft Visual Studio Solution File, Format Version 11.00
# Visual Studio 2008

Project("{062E2E59-9D93-D157-C4B4-BD9470ABE454}") = "U3DAIBehaviorTree", "Assembly-CSharp.csproj", "{3CE26861-92F4-B241-A326-DE7A569E23BD}"
EndProject
Project("{062E2E59-9D93-D157-C4B4-BD9470ABE454}") = "U3DAIBehaviorTree", "Assembly-CSharp-Editor.csproj", "{5249E5DE-2B91-9AEB-F54D-5C69C86E1480}"
EndProject
Global
	GlobalSection(SolutionConfigurationPlatforms) = preSolution
		Debug|Any CPU = Debug|Any CPU
		Release|Any CPU = Release|Any CPU
	EndGlobalSection
	GlobalSection(ProjectConfigurationPlatforms) = postSolution
		{3CE26861-92F4-B241-A326-DE7A569E23BD}.Debug|Any CPU.ActiveCfg = Debug|Any CPU
		{3CE26861-92F4-B241-A326-DE7A569E23BD}.Debug|Any CPU.Build.0 = Debug|Any CPU
		{3CE26861-92F4-B241-A326-DE7A569E23BD}.Release|Any CPU.ActiveCfg = Release|Any CPU
		{3CE26861-92F4-B241-A326-DE7A569E23BD}.Release|Any CPU.Build.0 = Release|Any CPU
		{5249E5DE-2B91-9AEB-F54D-5C69C86E1480}.Debug|Any CPU.ActiveCfg = Debug|Any CPU
		{5249E5DE-2B91-9AEB-F54D-5C69C86E1480}.Debug|Any CPU.Build.0 = Debug|Any CPU
		{5249E5DE-2B91-9AEB-F54D-5C69C86E1480}.Release|Any CPU.ActiveCfg = Release|Any CPU
		{5249E5DE-2B91-9AEB-F54D-5C69C86E1480}.Release|Any CPU.Build.0 = Release|Any CPU
	EndGlobalSection
	GlobalSection(SolutionProperties) = preSolution
		HideSolutionNode = FALSE
	EndGlobalSection
																																						GlobalSection(MonoDevelopProperties) = preSolution
		StartupItem = Assembly-CSharp.csproj
		Policies = $0
		$0.TextStylePolicy = $1
		$1.inheritsSet = null
		$1.scope = text/x-csharp
		$0.CSharpFormattingPolicy = $2
		$2.inheritsSet = Mono
		$2.inheritsScope = text/x-csharp
		$2.scope = text/x-csharp
		$0.TextStylePolicy = $3
		$3.FileWidth = 120
		$3.TabWidth = 4
		$3.EolMarker = Unix
		$3.inheritsSet = Mono
		$3.inheritsScope = text/plain
		$3.scope = text/plain
	EndGlobalSection

EndGlobal
